{"filter":false,"title":"package-lock.json","tooltip":"/package-lock.json","undoManager":{"mark":-1,"position":-1,"stack":[]},"ace":{"folds":[],"scrolltop":1112,"scrollleft":0,"selection":{"start":{"row":156,"column":19},"end":{"row":156,"column":19},"isBackwards":false},"options":{"guessTabSize":true,"useWrapMode":false,"wrapToView":true},"firstLineState":{"row":91,"state":"start","mode":"ace/mode/json"}},"timestamp":1502577292000,"hash":"77533234b782de12ec88e020d3247c390a4fd547"}